Microsoft Visual Studio Solution File, Format Version 12.00
# Visual Studio Version 17
VisualStudioVersion = 17.5.2.0
MinimumVisualStudioVersion = 10.0.40219.1
Project("{2150E333-8FDC-42A3-9474-1A3956D46DE8}") = "src", "src", "{827E0CD3-B72D-47B6-A68D-7590B98EB39B}"
EndProject
Project("{2150E333-8FDC-42A3-9474-1A3956D46DE8}") = "tests", "tests", "{0AB3BF05-4346-4AA6-1389-037BE0695223}"
EndProject
Project("{FAE04EC0-301F-11D3-BF4B-00C04F79EFBC}") = "API", "src\API\API.csproj", "{CBAFC0F9-5B69-AE5B-776E-B650E010DF04}"
EndProject
Project("{FAE04EC0-301F-11D3-BF4B-00C04F79EFBC}") = "Auth", "src\Auth\Auth.csproj", "{1E0E8537-545C-B1B1-7A43-705785F3A211}"
EndProject
Project("{FAE04EC0-301F-11D3-BF4B-00C04F79EFBC}") = "Auth.Tests", "tests\Auth.Tests\Auth.Tests.csproj", "{4DCDAB48-C426-20F7-131A-666D4E50891E}"
EndProject
Project("{FAE04EC0-301F-11D3-BF4B-00C04F79EFBC}") = "Catalog.Tests", "tests\Catalog.Tests\Catalog.Tests.csproj", "{C8DFE631-DB4F-8312-2222-01423FE3AD22}"
EndProject
Project("{FAE04EC0-301F-11D3-BF4B-00C04F79EFBC}") = "IntegrationTests", "tests\IntegrationTests\IntegrationTests.csproj", "{FF77485D-96D1-B1AA-B58F-3986BE3ADB27}"
EndProject
Project("{FAE04EC0-301F-11D3-BF4B-00C04F79EFBC}") = "Inventory.Tests", "tests\Inventory.Tests\Inventory.Tests.csproj", "{9D940F95-99AF-BD48-9D9E-F34391AA3D2F}"
EndProject
Project("{FAE04EC0-301F-11D3-BF4B-00C04F79EFBC}") = "Orders.Tests", "tests\Orders.Tests\Orders.Tests.csproj", "{5C017C5D-F0F8-52C2-5A18-E8BE1E399B9E}"
EndProject
Project("{FAE04EC0-301F-11D3-BF4B-00C04F79EFBC}") = "Payment.Tests", "tests\Payment.Tests\Payment.Tests.csproj", "{BC10E143-DAEA-9734-9D0F-48ED45C4CFE9}"
EndProject
Project("{FAE04EC0-301F-11D3-BF4B-00C04F79EFBC}") = "Pricing.Tests", "tests\Pricing.Tests\Pricing.Tests.csproj", "{4FA7AAE5-6B2A-7C55-3EAA-618F14ED3088}"
EndProject
Project("{FAE04EC0-301F-11D3-BF4B-00C04F79EFBC}") = "SharedLibsForTests", "tests\SharedLibsForTests\SharedLibsForTests.csproj", "{E9D080E6-73E7-6175-0E08-A6A1BD50E15F}"
EndProject
Project("{FAE04EC0-301F-11D3-BF4B-00C04F79EFBC}") = "Shipping.Tests", "tests\Shipping.Tests\Shipping.Tests.csproj", "{A51A62B9-3AEC-88EC-F5E6-A84024C9DE06}"
EndProject
Project("{FAE04EC0-301F-11D3-BF4B-00C04F79EFBC}") = "ShoppingCart.Tests", "tests\ShoppingCart.Tests\ShoppingCart.Tests.csproj", "{E2D4DF5D-D1CD-BE6D-BC49-03163BACD480}"
EndProject
Project("{FAE04EC0-301F-11D3-BF4B-00C04F79EFBC}") = "Users.Tests", "tests\Users.Tests\Users.Tests.csproj", "{C5BEBD77-049E-9D55-F7B1-CD25E0E4B64F}"
EndProject
Project("{2150E333-8FDC-42A3-9474-1A3956D46DE8}") = "Apps", "Apps", "{AD2A5A3B-A595-3E96-334A-002D08FE630C}"
EndProject
Project("{FAE04EC0-301F-11D3-BF4B-00C04F79EFBC}") = "BlazorAdmin", "src\Apps\BlazorAdmin\BlazorAdmin.csproj", "{D9BB8857-EC6C-759E-7D09-9BDBEF3B217D}"
EndProject
Project("{2150E333-8FDC-42A3-9474-1A3956D46DE8}") = "Aspire", "Aspire", "{52BF7FB6-37FF-5100-EFD1-124EFF302675}"
EndProject
Project("{FAE04EC0-301F-11D3-BF4B-00C04F79EFBC}") = "Aspire.AppHost", "src\Aspire\Aspire.AppHost\Aspire.AppHost.csproj", "{40C16D6E-5BB0-9824-AACA-E3FD6F2E7DB6}"
EndProject
Project("{FAE04EC0-301F-11D3-BF4B-00C04F79EFBC}") = "Aspire.ServiceDefaults", "src\Aspire\Aspire.ServiceDefaults\Aspire.ServiceDefaults.csproj", "{5458901B-FF03-A43E-32AA-55EBE75ED657}"
EndProject
Project("{2150E333-8FDC-42A3-9474-1A3956D46DE8}") = "Modules", "Modules", "{EC447DCF-ABFA-6E24-52A5-D7FD48A5C558}"
EndProject
Project("{FAE04EC0-301F-11D3-BF4B-00C04F79EFBC}") = "Catalog", "src\Modules\Catalog\Catalog.csproj", "{4D9A1B2F-4C49-AF60-2027-D651CC0E6BAD}"
EndProject
Project("{FAE04EC0-301F-11D3-BF4B-00C04F79EFBC}") = "Inventory", "src\Modules\Inventory\Inventory.csproj", "{B017F6C8-263C-2557-50D9-5ECC04BA5259}"
EndProject
Project("{FAE04EC0-301F-11D3-BF4B-00C04F79EFBC}") = "Orders", "src\Modules\Orders\Orders.csproj", "{B5AFD368-4780-BC24-C8AA-6C865A932A39}"
EndProject
Project("{FAE04EC0-301F-11D3-BF4B-00C04F79EFBC}") = "Payment", "src\Modules\Payment\Payment.csproj", "{213786E4-5B83-C4F4-52BB-5AFE92487811}"
EndProject
Project("{FAE04EC0-301F-11D3-BF4B-00C04F79EFBC}") = "Pricing", "src\Modules\Pricing\Pricing.csproj", "{44ABFF1E-E25F-D97C-7E8C-E9E2A636D538}"
EndProject
Project("{FAE04EC0-301F-11D3-BF4B-00C04F79EFBC}") = "Report", "src\Modules\Report\Report.csproj", "{DACB24B2-D377-D9E1-D79E-C4BC2F74EEC1}"
EndProject
Project("{FAE04EC0-301F-11D3-BF4B-00C04F79EFBC}") = "Shipping", "src\Modules\Shipping\Shipping.csproj", "{3C023EAA-644B-5FF3-81D6-31DB294E1391}"
EndProject
Project("{FAE04EC0-301F-11D3-BF4B-00C04F79EFBC}") = "ShoppingCart", "src\Modules\ShoppingCart\ShoppingCart.csproj", "{F4271D8C-077A-E367-5089-D0ADEFC55E22}"
EndProject
Project("{FAE04EC0-301F-11D3-BF4B-00C04F79EFBC}") = "Users", "src\Modules\Users\Users.csproj", "{1DF9C61B-B8C5-3708-819F-A2D98CAE9180}"
EndProject
Project("{2150E333-8FDC-42A3-9474-1A3956D46DE8}") = "Shared", "Shared", "{C8E42992-5E42-0C2B-DBFE-AA848D06431C}"
EndProject
Project("{FAE04EC0-301F-11D3-BF4B-00C04F79EFBC}") = "Contracts", "src\Shared\Contracts\Contracts.csproj", "{803A92E1-07A0-164F-0DC8-23D11B932F75}"
EndProject
Project("{FAE04EC0-301F-11D3-BF4B-00C04F79EFBC}") = "Infrastructure", "src\Shared\Infrastructure\Infrastructure.csproj", "{027A1E56-86D1-D054-5088-9E4E96A01F58}"
EndProject
Project("{FAE04EC0-301F-11D3-BF4B-00C04F79EFBC}") = "Kernel", "src\Shared\Kernel\Kernel.csproj", "{D166CA5E-7197-430C-D847-AB0A865D1FB3}"
EndProject
Global
	GlobalSection(SolutionConfigurationPlatforms) = preSolution
		Debug|Any CPU = Debug|Any CPU
		Release|Any CPU = Release|Any CPU
	EndGlobalSection
	GlobalSection(ProjectConfigurationPlatforms) = postSolution
		{CBAFC0F9-5B69-AE5B-776E-B650E010DF04}.Debug|Any CPU.ActiveCfg = Debug|Any CPU
		{CBAFC0F9-5B69-AE5B-776E-B650E010DF04}.Debug|Any CPU.Build.0 = Debug|Any CPU
		{CBAFC0F9-5B69-AE5B-776E-B650E010DF04}.Release|Any CPU.ActiveCfg = Release|Any CPU
		{CBAFC0F9-5B69-AE5B-776E-B650E010DF04}.Release|Any CPU.Build.0 = Release|Any CPU
		{1E0E8537-545C-B1B1-7A43-705785F3A211}.Debug|Any CPU.ActiveCfg = Debug|Any CPU
		{1E0E8537-545C-B1B1-7A43-705785F3A211}.Debug|Any CPU.Build.0 = Debug|Any CPU
		{1E0E8537-545C-B1B1-7A43-705785F3A211}.Release|Any CPU.ActiveCfg = Release|Any CPU
		{1E0E8537-545C-B1B1-7A43-705785F3A211}.Release|Any CPU.Build.0 = Release|Any CPU
		{4DCDAB48-C426-20F7-131A-666D4E50891E}.Debug|Any CPU.ActiveCfg = Debug|Any CPU
		{4DCDAB48-C426-20F7-131A-666D4E50891E}.Debug|Any CPU.Build.0 = Debug|Any CPU
		{4DCDAB48-C426-20F7-131A-666D4E50891E}.Release|Any CPU.ActiveCfg = Release|Any CPU
		{4DCDAB48-C426-20F7-131A-666D4E50891E}.Release|Any CPU.Build.0 = Release|Any CPU
		{C8DFE631-DB4F-8312-2222-01423FE3AD22}.Debug|Any CPU.ActiveCfg = Debug|Any CPU
		{C8DFE631-DB4F-8312-2222-01423FE3AD22}.Debug|Any CPU.Build.0 = Debug|Any CPU
		{C8DFE631-DB4F-8312-2222-01423FE3AD22}.Release|Any CPU.ActiveCfg = Release|Any CPU
		{C8DFE631-DB4F-8312-2222-01423FE3AD22}.Release|Any CPU.Build.0 = Release|Any CPU
		{FF77485D-96D1-B1AA-B58F-3986BE3ADB27}.Debug|Any CPU.ActiveCfg = Debug|Any CPU
		{FF77485D-96D1-B1AA-B58F-3986BE3ADB27}.Debug|Any CPU.Build.0 = Debug|Any CPU
		{FF77485D-96D1-B1AA-B58F-3986BE3ADB27}.Release|Any CPU.ActiveCfg = Release|Any CPU
		{FF77485D-96D1-B1AA-B58F-3986BE3ADB27}.Release|Any CPU.Build.0 = Release|Any CPU
		{9D940F95-99AF-BD48-9D9E-F34391AA3D2F}.Debug|Any CPU.ActiveCfg = Debug|Any CPU
		{9D940F95-99AF-BD48-9D9E-F34391AA3D2F}.Debug|Any CPU.Build.0 = Debug|Any CPU
		{9D940F95-99AF-BD48-9D9E-F34391AA3D2F}.Release|Any CPU.ActiveCfg = Release|Any CPU
		{9D940F95-99AF-BD48-9D9E-F34391AA3D2F}.Release|Any CPU.Build.0 = Release|Any CPU
		{5C017C5D-F0F8-52C2-5A18-E8BE1E399B9E}.Debug|Any CPU.ActiveCfg = Debug|Any CPU
		{5C017C5D-F0F8-52C2-5A18-E8BE1E399B9E}.Debug|Any CPU.Build.0 = Debug|Any CPU
		{5C017C5D-F0F8-52C2-5A18-E8BE1E399B9E}.Release|Any CPU.ActiveCfg = Release|Any CPU
		{5C017C5D-F0F8-52C2-5A18-E8BE1E399B9E}.Release|Any CPU.Build.0 = Release|Any CPU
		{BC10E143-DAEA-9734-9D0F-48ED45C4CFE9}.Debug|Any CPU.ActiveCfg = Debug|Any CPU
		{BC10E143-DAEA-9734-9D0F-48ED45C4CFE9}.Debug|Any CPU.Build.0 = Debug|Any CPU
		{BC10E143-DAEA-9734-9D0F-48ED45C4CFE9}.Release|Any CPU.ActiveCfg = Release|Any CPU
		{BC10E143-DAEA-9734-9D0F-48ED45C4CFE9}.Release|Any CPU.Build.0 = Release|Any CPU
		{4FA7AAE5-6B2A-7C55-3EAA-618F14ED3088}.Debug|Any CPU.ActiveCfg = Debug|Any CPU
		{4FA7AAE5-6B2A-7C55-3EAA-618F14ED3088}.Debug|Any CPU.Build.0 = Debug|Any CPU
		{4FA7AAE5-6B2A-7C55-3EAA-618F14ED3088}.Release|Any CPU.ActiveCfg = Release|Any CPU
		{4FA7AAE5-6B2A-7C55-3EAA-618F14ED3088}.Release|Any CPU.Build.0 = Release|Any CPU
		{E9D080E6-73E7-6175-0E08-A6A1BD50E15F}.Debug|Any CPU.ActiveCfg = Debug|Any CPU
		{E9D080E6-73E7-6175-0E08-A6A1BD50E15F}.Debug|Any CPU.Build.0 = Debug|Any CPU
		{E9D080E6-73E7-6175-0E08-A6A1BD50E15F}.Release|Any CPU.ActiveCfg = Release|Any CPU
		{E9D080E6-73E7-6175-0E08-A6A1BD50E15F}.Release|Any CPU.Build.0 = Release|Any CPU
		{A51A62B9-3AEC-88EC-F5E6-A84024C9DE06}.Debug|Any CPU.ActiveCfg = Debug|Any CPU
		{A51A62B9-3AEC-88EC-F5E6-A84024C9DE06}.Debug|Any CPU.Build.0 = Debug|Any CPU
		{A51A62B9-3AEC-88EC-F5E6-A84024C9DE06}.Release|Any CPU.ActiveCfg = Release|Any CPU
		{A51A62B9-3AEC-88EC-F5E6-A84024C9DE06}.Release|Any CPU.Build.0 = Release|Any CPU
		{E2D4DF5D-D1CD-BE6D-BC49-03163BACD480}.Debug|Any CPU.ActiveCfg = Debug|Any CPU
		{E2D4DF5D-D1CD-BE6D-BC49-03163BACD480}.Debug|Any CPU.Build.0 = Debug|Any CPU
		{E2D4DF5D-D1CD-BE6D-BC49-03163BACD480}.Release|Any CPU.ActiveCfg = Release|Any CPU
		{E2D4DF5D-D1CD-BE6D-BC49-03163BACD480}.Release|Any CPU.Build.0 = Release|Any CPU
		{C5BEBD77-049E-9D55-F7B1-CD25E0E4B64F}.Debug|Any CPU.ActiveCfg = Debug|Any CPU
		{C5BEBD77-049E-9D55-F7B1-CD25E0E4B64F}.Debug|Any CPU.Build.0 = Debug|Any CPU
		{C5BEBD77-049E-9D55-F7B1-CD25E0E4B64F}.Release|Any CPU.ActiveCfg = Release|Any CPU
		{C5BEBD77-049E-9D55-F7B1-CD25E0E4B64F}.Release|Any CPU.Build.0 = Release|Any CPU
		{D9BB8857-EC6C-759E-7D09-9BDBEF3B217D}.Debug|Any CPU.ActiveCfg = Debug|Any CPU
		{D9BB8857-EC6C-759E-7D09-9BDBEF3B217D}.Debug|Any CPU.Build.0 = Debug|Any CPU
		{D9BB8857-EC6C-759E-7D09-9BDBEF3B217D}.Release|Any CPU.ActiveCfg = Release|Any CPU
		{D9BB8857-EC6C-759E-7D09-9BDBEF3B217D}.Release|Any CPU.Build.0 = Release|Any CPU
		{40C16D6E-5BB0-9824-AACA-E3FD6F2E7DB6}.Debug|Any CPU.ActiveCfg = Debug|Any CPU
		{40C16D6E-5BB0-9824-AACA-E3FD6F2E7DB6}.Debug|Any CPU.Build.0 = Debug|Any CPU
		{40C16D6E-5BB0-9824-AACA-E3FD6F2E7DB6}.Release|Any CPU.ActiveCfg = Release|Any CPU
		{40C16D6E-5BB0-9824-AACA-E3FD6F2E7DB6}.Release|Any CPU.Build.0 = Release|Any CPU
		{5458901B-FF03-A43E-32AA-55EBE75ED657}.Debug|Any CPU.ActiveCfg = Debug|Any CPU
		{5458901B-FF03-A43E-32AA-55EBE75ED657}.Debug|Any CPU.Build.0 = Debug|Any CPU
		{5458901B-FF03-A43E-32AA-55EBE75ED657}.Release|Any CPU.ActiveCfg = Release|Any CPU
		{5458901B-FF03-A43E-32AA-55EBE75ED657}.Release|Any CPU.Build.0 = Release|Any CPU
		{4D9A1B2F-4C49-AF60-2027-D651CC0E6BAD}.Debug|Any CPU.ActiveCfg = Debug|Any CPU
		{4D9A1B2F-4C49-AF60-2027-D651CC0E6BAD}.Debug|Any CPU.Build.0 = Debug|Any CPU
		{4D9A1B2F-4C49-AF60-2027-D651CC0E6BAD}.Release|Any CPU.ActiveCfg = Release|Any CPU
		{4D9A1B2F-4C49-AF60-2027-D651CC0E6BAD}.Release|Any CPU.Build.0 = Release|Any CPU
		{B017F6C8-263C-2557-50D9-5ECC04BA5259}.Debug|Any CPU.ActiveCfg = Debug|Any CPU
		{B017F6C8-263C-2557-50D9-5ECC04BA5259}.Debug|Any CPU.Build.0 = Debug|Any CPU
		{B017F6C8-263C-2557-50D9-5ECC04BA5259}.Release|Any CPU.ActiveCfg = Release|Any CPU
		{B017F6C8-263C-2557-50D9-5ECC04BA5259}.Release|Any CPU.Build.0 = Release|Any CPU
		{B5AFD368-4780-BC24-C8AA-6C865A932A39}.Debug|Any CPU.ActiveCfg = Debug|Any CPU
		{B5AFD368-4780-BC24-C8AA-6C865A932A39}.Debug|Any CPU.Build.0 = Debug|Any CPU
		{B5AFD368-4780-BC24-C8AA-6C865A932A39}.Release|Any CPU.ActiveCfg = Release|Any CPU
		{B5AFD368-4780-BC24-C8AA-6C865A932A39}.Release|Any CPU.Build.0 = Release|Any CPU
		{213786E4-5B83-C4F4-52BB-5AFE92487811}.Debug|Any CPU.ActiveCfg = Debug|Any CPU
		{213786E4-5B83-C4F4-52BB-5AFE92487811}.Debug|Any CPU.Build.0 = Debug|Any CPU
		{213786E4-5B83-C4F4-52BB-5AFE92487811}.Release|Any CPU.ActiveCfg = Release|Any CPU
		{213786E4-5B83-C4F4-52BB-5AFE92487811}.Release|Any CPU.Build.0 = Release|Any CPU
		{44ABFF1E-E25F-D97C-7E8C-E9E2A636D538}.Debug|Any CPU.ActiveCfg = Debug|Any CPU
		{44ABFF1E-E25F-D97C-7E8C-E9E2A636D538}.Debug|Any CPU.Build.0 = Debug|Any CPU
		{44ABFF1E-E25F-D97C-7E8C-E9E2A636D538}.Release|Any CPU.ActiveCfg = Release|Any CPU
		{44ABFF1E-E25F-D97C-7E8C-E9E2A636D538}.Release|Any CPU.Build.0 = Release|Any CPU
		{DACB24B2-D377-D9E1-D79E-C4BC2F74EEC1}.Debug|Any CPU.ActiveCfg = Debug|Any CPU
		{DACB24B2-D377-D9E1-D79E-C4BC2F74EEC1}.Debug|Any CPU.Build.0 = Debug|Any CPU
		{DACB24B2-D377-D9E1-D79E-C4BC2F74EEC1}.Release|Any CPU.ActiveCfg = Release|Any CPU
		{DACB24B2-D377-D9E1-D79E-C4BC2F74EEC1}.Release|Any CPU.Build.0 = Release|Any CPU
		{3C023EAA-644B-5FF3-81D6-31DB294E1391}.Debug|Any CPU.ActiveCfg = Debug|Any CPU
		{3C023EAA-644B-5FF3-81D6-31DB294E1391}.Debug|Any CPU.Build.0 = Debug|Any CPU
		{3C023EAA-644B-5FF3-81D6-31DB294E1391}.Release|Any CPU.ActiveCfg = Release|Any CPU
		{3C023EAA-644B-5FF3-81D6-31DB294E1391}.Release|Any CPU.Build.0 = Release|Any CPU
		{F4271D8C-077A-E367-5089-D0ADEFC55E22}.Debug|Any CPU.ActiveCfg = Debug|Any CPU
		{F4271D8C-077A-E367-5089-D0ADEFC55E22}.Debug|Any CPU.Build.0 = Debug|Any CPU
		{F4271D8C-077A-E367-5089-D0ADEFC55E22}.Release|Any CPU.ActiveCfg = Release|Any CPU
		{F4271D8C-077A-E367-5089-D0ADEFC55E22}.Release|Any CPU.Build.0 = Release|Any CPU
		{1DF9C61B-B8C5-3708-819F-A2D98CAE9180}.Debug|Any CPU.ActiveCfg = Debug|Any CPU
		{1DF9C61B-B8C5-3708-819F-A2D98CAE9180}.Debug|Any CPU.Build.0 = Debug|Any CPU
		{1DF9C61B-B8C5-3708-819F-A2D98CAE9180}.Release|Any CPU.ActiveCfg = Release|Any CPU
		{1DF9C61B-B8C5-3708-819F-A2D98CAE9180}.Release|Any CPU.Build.0 = Release|Any CPU
		{803A92E1-07A0-164F-0DC8-23D11B932F75}.Debug|Any CPU.ActiveCfg = Debug|Any CPU
		{803A92E1-07A0-164F-0DC8-23D11B932F75}.Debug|Any CPU.Build.0 = Debug|Any CPU
		{803A92E1-07A0-164F-0DC8-23D11B932F75}.Release|Any CPU.ActiveCfg = Release|Any CPU
		{803A92E1-07A0-164F-0DC8-23D11B932F75}.Release|Any CPU.Build.0 = Release|Any CPU
		{027A1E56-86D1-D054-5088-9E4E96A01F58}.Debug|Any CPU.ActiveCfg = Debug|Any CPU
		{027A1E56-86D1-D054-5088-9E4E96A01F58}.Debug|Any CPU.Build.0 = Debug|Any CPU
		{027A1E56-86D1-D054-5088-9E4E96A01F58}.Release|Any CPU.ActiveCfg = Release|Any CPU
		{027A1E56-86D1-D054-5088-9E4E96A01F58}.Release|Any CPU.Build.0 = Release|Any CPU
		{D166CA5E-7197-430C-D847-AB0A865D1FB3}.Debug|Any CPU.ActiveCfg = Debug|Any CPU
		{D166CA5E-7197-430C-D847-AB0A865D1FB3}.Debug|Any CPU.Build.0 = Debug|Any CPU
		{D166CA5E-7197-430C-D847-AB0A865D1FB3}.Release|Any CPU.ActiveCfg = Release|Any CPU
		{D166CA5E-7197-430C-D847-AB0A865D1FB3}.Release|Any CPU.Build.0 = Release|Any CPU
	EndGlobalSection
	GlobalSection(SolutionProperties) = preSolution
		HideSolutionNode = FALSE
	EndGlobalSection
	GlobalSection(NestedProjects) = preSolution
		{CBAFC0F9-5B69-AE5B-776E-B650E010DF04} = {827E0CD3-B72D-47B6-A68D-7590B98EB39B}
		{1E0E8537-545C-B1B1-7A43-705785F3A211} = {827E0CD3-B72D-47B6-A68D-7590B98EB39B}
		{4DCDAB48-C426-20F7-131A-666D4E50891E} = {0AB3BF05-4346-4AA6-1389-037BE0695223}
		{C8DFE631-DB4F-8312-2222-01423FE3AD22} = {0AB3BF05-4346-4AA6-1389-037BE0695223}
		{FF77485D-96D1-B1AA-B58F-3986BE3ADB27} = {0AB3BF05-4346-4AA6-1389-037BE0695223}
		{9D940F95-99AF-BD48-9D9E-F34391AA3D2F} = {0AB3BF05-4346-4AA6-1389-037BE0695223}
		{5C017C5D-F0F8-52C2-5A18-E8BE1E399B9E} = {0AB3BF05-4346-4AA6-1389-037BE0695223}
		{BC10E143-DAEA-9734-9D0F-48ED45C4CFE9} = {0AB3BF05-4346-4AA6-1389-037BE0695223}
		{4FA7AAE5-6B2A-7C55-3EAA-618F14ED3088} = {0AB3BF05-4346-4AA6-1389-037BE0695223}
		{E9D080E6-73E7-6175-0E08-A6A1BD50E15F} = {0AB3BF05-4346-4AA6-1389-037BE0695223}
		{A51A62B9-3AEC-88EC-F5E6-A84024C9DE06} = {0AB3BF05-4346-4AA6-1389-037BE0695223}
		{E2D4DF5D-D1CD-BE6D-BC49-03163BACD480} = {0AB3BF05-4346-4AA6-1389-037BE0695223}
		{C5BEBD77-049E-9D55-F7B1-CD25E0E4B64F} = {0AB3BF05-4346-4AA6-1389-037BE0695223}
		{AD2A5A3B-A595-3E96-334A-002D08FE630C} = {827E0CD3-B72D-47B6-A68D-7590B98EB39B}
		{D9BB8857-EC6C-759E-7D09-9BDBEF3B217D} = {AD2A5A3B-A595-3E96-334A-002D08FE630C}
		{52BF7FB6-37FF-5100-EFD1-124EFF302675} = {827E0CD3-B72D-47B6-A68D-7590B98EB39B}
		{40C16D6E-5BB0-9824-AACA-E3FD6F2E7DB6} = {52BF7FB6-37FF-5100-EFD1-124EFF302675}
		{5458901B-FF03-A43E-32AA-55EBE75ED657} = {52BF7FB6-37FF-5100-EFD1-124EFF302675}
		{EC447DCF-ABFA-6E24-52A5-D7FD48A5C558} = {827E0CD3-B72D-47B6-A68D-7590B98EB39B}
		{4D9A1B2F-4C49-AF60-2027-D651CC0E6BAD} = {EC447DCF-ABFA-6E24-52A5-D7FD48A5C558}
		{B017F6C8-263C-2557-50D9-5ECC04BA5259} = {EC447DCF-ABFA-6E24-52A5-D7FD48A5C558}
		{B5AFD368-4780-BC24-C8AA-6C865A932A39} = {EC447DCF-ABFA-6E24-52A5-D7FD48A5C558}
		{213786E4-5B83-C4F4-52BB-5AFE92487811} = {EC447DCF-ABFA-6E24-52A5-D7FD48A5C558}
		{44ABFF1E-E25F-D97C-7E8C-E9E2A636D538} = {EC447DCF-ABFA-6E24-52A5-D7FD48A5C558}
		{DACB24B2-D377-D9E1-D79E-C4BC2F74EEC1} = {EC447DCF-ABFA-6E24-52A5-D7FD48A5C558}
		{3C023EAA-644B-5FF3-81D6-31DB294E1391} = {EC447DCF-ABFA-6E24-52A5-D7FD48A5C558}
		{F4271D8C-077A-E367-5089-D0ADEFC55E22} = {EC447DCF-ABFA-6E24-52A5-D7FD48A5C558}
		{1DF9C61B-B8C5-3708-819F-A2D98CAE9180} = {EC447DCF-ABFA-6E24-52A5-D7FD48A5C558}
		{C8E42992-5E42-0C2B-DBFE-AA848D06431C} = {827E0CD3-B72D-47B6-A68D-7590B98EB39B}
		{803A92E1-07A0-164F-0DC8-23D11B932F75} = {C8E42992-5E42-0C2B-DBFE-AA848D06431C}
		{027A1E56-86D1-D054-5088-9E4E96A01F58} = {C8E42992-5E42-0C2B-DBFE-AA848D06431C}
		{D166CA5E-7197-430C-D847-AB0A865D1FB3} = {C8E42992-5E42-0C2B-DBFE-AA848D06431C}
	EndGlobalSection
	GlobalSection(ExtensibilityGlobals) = postSolution
		SolutionGuid = {E9295E79-88AE-4556-AC43-6CEB8EF21358}
	EndGlobalSection
EndGlobal
